
Microsoft Visual Studio Solution File, Format Version 12.00
# Visual Studio Version 17
VisualStudioVersion = 17.5.002.0
MinimumVisualStudioVersion = 10.0.40219.1
Project("{9A19103F-16F7-4668-BE54-9A1E7A4F7556}") = "LibraryManagement", "LibraryManagement.csproj", "{33B133DC-DF93-4A09-9B5A-D343F0A45411}"
EndProject
Global
	GlobalSection(SolutionConfigurationPlatforms) = preSolution
		Debug|Any CPU = Debug|Any CPU
		Release|Any CPU = Release|Any CPU
	EndGlobalSection
	GlobalSection(ProjectConfigurationPlatforms) = postSolution
		{33B133DC-DF93-4A09-9B5A-D343F0A45411}.Debug|Any CPU.ActiveCfg = Debug|Any CPU
		{33B133DC-DF93-4A09-9B5A-D343F0A45411}.Debug|Any CPU.Build.0 = Debug|Any CPU
		{33B133DC-DF93-4A09-9B5A-D343F0A45411}.Release|Any CPU.ActiveCfg = Release|Any CPU
		{33B133DC-DF93-4A09-9B5A-D343F0A45411}.Release|Any CPU.Build.0 = Release|Any CPU
	EndGlobalSection
	GlobalSection(SolutionProperties) = preSolution
		HideSolutionNode = FALSE
	EndGlobalSection
	GlobalSection(ExtensibilityGlobals) = postSolution
		SolutionGuid = {6FAEF882-921B-4F9C-96D8-26A13F373A08}
	EndGlobalSection
EndGlobal
